
Microsoft Visual Studio Solution File, Format Version 12.00
# Visual Studio 2013
VisualStudioVersion = 12.0.21005.1
MinimumVisualStudioVersion = 10.0.40219.1
Project("{E24C65DC-7377-472B-9ABA-BC803B73C61A}") = "WebSitePizzas(1)", "http://localhost:61241", "{2DFD9553-CCF2-4E82-8AB1-37CEE1EBB22C}"
	ProjectSection(WebsiteProperties) = preProject
		UseIISExpress = "true"
		TargetFrameworkMoniker = ".NETFramework,Version%3Dv4.5"
		Debug.AspNetCompiler.VirtualPath = "/localhost_61241"
		Debug.AspNetCompiler.PhysicalPath = "WebSitePizzas\"
		Debug.AspNetCompiler.TargetPath = "PrecompiledWeb\localhost_61241\"
		Debug.AspNetCompiler.Updateable = "true"
		Debug.AspNetCompiler.ForceOverwrite = "true"
		Debug.AspNetCompiler.FixedNames = "false"
		Debug.AspNetCompiler.Debug = "True"
		Release.AspNetCompiler.VirtualPath = "/localhost_61241"
		Release.AspNetCompiler.PhysicalPath = "WebSitePizzas\"
		Release.AspNetCompiler.TargetPath = "PrecompiledWeb\localhost_61241\"
		Release.AspNetCompiler.Updateable = "true"
		Release.AspNetCompiler.ForceOverwrite = "true"
		Release.AspNetCompiler.FixedNames = "false"
		Release.AspNetCompiler.Debug = "False"
		SlnRelativePath = "WebSitePizzas\"
	EndProjectSection
EndProject
Global
	GlobalSection(SolutionConfigurationPlatforms) = preSolution
		Debug|Any CPU = Debug|Any CPU
	EndGlobalSection
	GlobalSection(ProjectConfigurationPlatforms) = postSolution
		{2DFD9553-CCF2-4E82-8AB1-37CEE1EBB22C}.Debug|Any CPU.ActiveCfg = Debug|Any CPU
		{2DFD9553-CCF2-4E82-8AB1-37CEE1EBB22C}.Debug|Any CPU.Build.0 = Debug|Any CPU
	EndGlobalSection
	GlobalSection(SolutionProperties) = preSolution
		HideSolutionNode = FALSE
	EndGlobalSection
EndGlobal
